github.com/go-sphere/wecom-aibot-go-sdk v1.0.4 h1:x4ZUpoOoPegXSbxCpQwSfD66dn4M7bZOZH4I4UoHhHQ=
github.com/go-sphere/wecom-aibot-go-sdk v1.0.4/go.mod h1:Ll6l0a8eyas5cbYRAyKBlai79z+WpBSWCS+/+IL5nDc=
github.com/gorilla/websocket v1.5.3 h1:saDtZ6Pbx/0u+bgYQ3q96pZgCzfhKXGPqt7kZ72aNNg=
github.com/gorilla/websocket v1.5.3/go.mod h1:YR8l580nyteQvAITg2hZ9XVh4b55+EU/adAjf1fMHhE=
